Microsoft Visual Studio Solution File, Format Version 12.00
# Visual Studio Version 17
VisualStudioVersion = 17.5.2.0
MinimumVisualStudioVersion = 10.0.40219.1
Project("{FAE04EC0-301F-11D3-BF4B-00C04F79EFBC}") = "DesignPatternDemos", "DesignPatternDemos.csproj", "{1043401E-0BB6-FC05-9D05-49592ECE50C9}"
EndProject
Global
	GlobalSection(SolutionConfigurationPlatforms) = preSolution
		Debug|Any CPU = Debug|Any CPU
		Release|Any CPU = Release|Any CPU
	EndGlobalSection
	GlobalSection(ProjectConfigurationPlatforms) = postSolution
		{1043401E-0BB6-FC05-9D05-49592ECE50C9}.Debug|Any CPU.ActiveCfg = Debug|Any CPU
		{1043401E-0BB6-FC05-9D05-49592ECE50C9}.Debug|Any CPU.Build.0 = Debug|Any CPU
		{1043401E-0BB6-FC05-9D05-49592ECE50C9}.Release|Any CPU.ActiveCfg = Release|Any CPU
		{1043401E-0BB6-FC05-9D05-49592ECE50C9}.Release|Any CPU.Build.0 = Release|Any CPU
	EndGlobalSection
	GlobalSection(SolutionProperties) = preSolution
		HideSolutionNode = FALSE
	EndGlobalSection
	GlobalSection(ExtensibilityGlobals) = postSolution
		SolutionGuid = {38A7213E-2573-4196-81BB-19E4D07042A5}
	EndGlobalSection
EndGlobal
